
Microsoft Visual Studio Solution File, Format Version 12.00
# Visual Studio Version 16
VisualStudioVersion = 16.0.33214.272
MinimumVisualStudioVersion = 10.0.40219.1
Project("{FAE04EC0-301F-11D3-BF4B-00C04F79EFBC}") = "Sergioteacher.Csharp03.TabControl-01basico", "Sergioteacher.Csharp03.TabControl-01basico\Sergioteacher.Csharp03.TabControl-01basico.csproj", "{BABA548E-CF10-4068-9E59-5FAE27CC9695}"
EndProject
Global
	GlobalSection(SolutionConfigurationPlatforms) = preSolution
		Debug|Any CPU = Debug|Any CPU
		Release|Any CPU = Release|Any CPU
	EndGlobalSection
	GlobalSection(ProjectConfigurationPlatforms) = postSolution
		{BABA548E-CF10-4068-9E59-5FAE27CC9695}.Debug|Any CPU.ActiveCfg = Debug|Any CPU
		{BABA548E-CF10-4068-9E59-5FAE27CC9695}.Debug|Any CPU.Build.0 = Debug|Any CPU
		{BABA548E-CF10-4068-9E59-5FAE27CC9695}.Release|Any CPU.ActiveCfg = Release|Any CPU
		{BABA548E-CF10-4068-9E59-5FAE27CC9695}.Release|Any CPU.Build.0 = Release|Any CPU
	EndGlobalSection
	GlobalSection(SolutionProperties) = preSolution
		HideSolutionNode = FALSE
	EndGlobalSection
	GlobalSection(ExtensibilityGlobals) = postSolution
		SolutionGuid = {A088EF44-459B-4F78-80FE-8CFA84E85A3B}
	EndGlobalSection
EndGlobal
